
Microsoft Visual Studio Solution File, Format Version 12.00
# Visual Studio Version 16
VisualStudioVersion = 16.0.30406.217
MinimumVisualStudioVersion = 10.0.40219.1
Project("{9A19103F-16F7-4668-BE54-9A1E7A4F7556}") = "StarboundWorkshopItemsExtract", "StarboundWorkshopItemsExtract\StarboundWorkshopItemsExtract.csproj", "{A99F4CDF-7813-4AC7-9DC5-F99CA49FB80A}"
EndProject
Global
	GlobalSection(SolutionConfigurationPlatforms) = preSolution
		Debug|Any CPU = Debug|Any CPU
		Release|Any CPU = Release|Any CPU
	EndGlobalSection
	GlobalSection(ProjectConfigurationPlatforms) = postSolution
		{A99F4CDF-7813-4AC7-9DC5-F99CA49FB80A}.Debug|Any CPU.ActiveCfg = Debug|Any CPU
		{A99F4CDF-7813-4AC7-9DC5-F99CA49FB80A}.Debug|Any CPU.Build.0 = Debug|Any CPU
		{A99F4CDF-7813-4AC7-9DC5-F99CA49FB80A}.Release|Any CPU.ActiveCfg = Release|Any CPU
		{A99F4CDF-7813-4AC7-9DC5-F99CA49FB80A}.Release|Any CPU.Build.0 = Release|Any CPU
	EndGlobalSection
	GlobalSection(SolutionProperties) = preSolution
		HideSolutionNode = FALSE
	EndGlobalSection
	GlobalSection(ExtensibilityGlobals) = postSolution
		SolutionGuid = {55812994-0A79-4564-83B7-20C02CC35C54}
	EndGlobalSection
EndGlobal
